
Microsoft Visual Studio Solution File, Format Version 12.00
# Visual Studio 2012
Project("{FAE04EC0-301F-11D3-BF4B-00C04F79EFBC}") = "Trafficing", "Trafficing\Trafficing.csproj", "{56C3283D-BA8F-4C8F-9E4C-2DC2B3D43848}"
EndProject
Project("{FAE04EC0-301F-11D3-BF4B-00C04F79EFBC}") = "Trafficing.iOS", "iOS\Trafficing.iOS.csproj", "{494C97C9-6C15-4455-B461-13DFEC310056}"
EndProject
Global
	GlobalSection(SolutionConfigurationPlatforms) = preSolution
		Debug|Any CPU = Debug|Any CPU
		Release|Any CPU = Release|Any CPU
		Debug|iPhoneSimulator = Debug|iPhoneSimulator
		Release|iPhone = Release|iPhone
		Release|iPhoneSimulator = Release|iPhoneSimulator
		Debug|iPhone = Debug|iPhone
	EndGlobalSection
	GlobalSection(ProjectConfigurationPlatforms) = postSolution
		{56C3283D-BA8F-4C8F-9E4C-2DC2B3D43848}.Debug|Any CPU.ActiveCfg = Debug|Any CPU
		{56C3283D-BA8F-4C8F-9E4C-2DC2B3D43848}.Debug|Any CPU.Build.0 = Debug|Any CPU
		{56C3283D-BA8F-4C8F-9E4C-2DC2B3D43848}.Release|Any CPU.ActiveCfg = Release|Any CPU
		{56C3283D-BA8F-4C8F-9E4C-2DC2B3D43848}.Release|Any CPU.Build.0 = Release|Any CPU
		{56C3283D-BA8F-4C8F-9E4C-2DC2B3D43848}.Debug|iPhoneSimulator.ActiveCfg = Debug|Any CPU
		{56C3283D-BA8F-4C8F-9E4C-2DC2B3D43848}.Debug|iPhoneSimulator.Build.0 = Debug|Any CPU
		{56C3283D-BA8F-4C8F-9E4C-2DC2B3D43848}.Release|iPhone.ActiveCfg = Release|Any CPU
		{56C3283D-BA8F-4C8F-9E4C-2DC2B3D43848}.Release|iPhone.Build.0 = Release|Any CPU
		{56C3283D-BA8F-4C8F-9E4C-2DC2B3D43848}.Release|iPhoneSimulator.ActiveCfg = Release|Any CPU
		{56C3283D-BA8F-4C8F-9E4C-2DC2B3D43848}.Release|iPhoneSimulator.Build.0 = Release|Any CPU
		{56C3283D-BA8F-4C8F-9E4C-2DC2B3D43848}.Debug|iPhone.ActiveCfg = Debug|Any CPU
		{56C3283D-BA8F-4C8F-9E4C-2DC2B3D43848}.Debug|iPhone.Build.0 = Debug|Any CPU
		{494C97C9-6C15-4455-B461-13DFEC310056}.Debug|Any CPU.ActiveCfg = Debug|iPhoneSimulator
		{494C97C9-6C15-4455-B461-13DFEC310056}.Debug|Any CPU.Build.0 = Debug|iPhoneSimulator
		{494C97C9-6C15-4455-B461-13DFEC310056}.Release|Any CPU.ActiveCfg = Release|iPhone
		{494C97C9-6C15-4455-B461-13DFEC310056}.Release|Any CPU.Build.0 = Release|iPhone
		{494C97C9-6C15-4455-B461-13DFEC310056}.Debug|iPhoneSimulator.ActiveCfg = Debug|iPhoneSimulator
		{494C97C9-6C15-4455-B461-13DFEC310056}.Debug|iPhoneSimulator.Build.0 = Debug|iPhoneSimulator
		{494C97C9-6C15-4455-B461-13DFEC310056}.Release|iPhone.ActiveCfg = Release|iPhone
		{494C97C9-6C15-4455-B461-13DFEC310056}.Release|iPhone.Build.0 = Release|iPhone
		{494C97C9-6C15-4455-B461-13DFEC310056}.Release|iPhoneSimulator.ActiveCfg = Release|iPhoneSimulator
		{494C97C9-6C15-4455-B461-13DFEC310056}.Release|iPhoneSimulator.Build.0 = Release|iPhoneSimulator
		{494C97C9-6C15-4455-B461-13DFEC310056}.Debug|iPhone.ActiveCfg = Debug|iPhone
		{494C97C9-6C15-4455-B461-13DFEC310056}.Debug|iPhone.Build.0 = Debug|iPhone
	EndGlobalSection
EndGlobal
